
Microsoft Visual Studio Solution File, Format Version 12.00
# Visual Studio Version 16
VisualStudioVersion = 16.0.30907.101
MinimumVisualStudioVersion = 10.0.40219.1
Project("{FAE04EC0-301F-11D3-BF4B-00C04F79EFBC}") = "TPSIT-PCTO-Server", "TPSIT-PCTO-Server\TPSIT-PCTO-Server.csproj", "{63976019-A936-4E27-8D5E-05D8FC747B43}"
EndProject
Project("{FAE04EC0-301F-11D3-BF4B-00C04F79EFBC}") = "ConsoleAppTest", "ConsoleAppTest\ConsoleAppTest.csproj", "{674BED3E-1090-4E1D-8B5A-25D1D7FDE51D}"
EndProject
Global
	GlobalSection(SolutionConfigurationPlatforms) = preSolution
		Debug|Any CPU = Debug|Any CPU
		Release|Any CPU = Release|Any CPU
	EndGlobalSection
	GlobalSection(ProjectConfigurationPlatforms) = postSolution
		{63976019-A936-4E27-8D5E-05D8FC747B43}.Debug|Any CPU.ActiveCfg = Debug|Any CPU
		{63976019-A936-4E27-8D5E-05D8FC747B43}.Debug|Any CPU.Build.0 = Debug|Any CPU
		{63976019-A936-4E27-8D5E-05D8FC747B43}.Release|Any CPU.ActiveCfg = Release|Any CPU
		{63976019-A936-4E27-8D5E-05D8FC747B43}.Release|Any CPU.Build.0 = Release|Any CPU
		{674BED3E-1090-4E1D-8B5A-25D1D7FDE51D}.Debug|Any CPU.ActiveCfg = Debug|Any CPU
		{674BED3E-1090-4E1D-8B5A-25D1D7FDE51D}.Debug|Any CPU.Build.0 = Debug|Any CPU
		{674BED3E-1090-4E1D-8B5A-25D1D7FDE51D}.Release|Any CPU.ActiveCfg = Release|Any CPU
		{674BED3E-1090-4E1D-8B5A-25D1D7FDE51D}.Release|Any CPU.Build.0 = Release|Any CPU
	EndGlobalSection
	GlobalSection(SolutionProperties) = preSolution
		HideSolutionNode = FALSE
	EndGlobalSection
	GlobalSection(ExtensibilityGlobals) = postSolution
		SolutionGuid = {152D3F89-5272-4423-AA06-3BCABBC4A670}
	EndGlobalSection
EndGlobal
